name: Update uv.lock for Dependabot PRs

on:
  pull_request:
    paths:
      - "pyproject.toml"

permissions:
  contents: write

jobs:
  update-lockfile:
    if: github.actor == 'dependabot[bot]'
    runs-on: ubuntu-latest
    steps:
      - uses: actions/checkout@v6
        with:
          ref: ${{ github.head_ref }}
          token: ${{ secrets.GITHUB_TOKEN }}

      - uses: astral-sh/setup-uv@v7

      - name: Update uv.lock
        run: uv lock

      - name: Commit updated lockfile
        run: |
          git config user.name "github-actions[bot]"
          git config user.email "github-actions[bot]@users.noreply.github.com"
          git add uv.lock
          git diff --staged --quiet || git commit -m "chore(deps): update uv.lock"
          git push
